
Microsoft Visual Studio Solution File, Format Version 12.00
# Visual Studio Version 17
VisualStudioVersion = 17.14.36518.9
MinimumVisualStudioVersion = 10.0.40219.1
Project("{FAE04EC0-301F-11D3-BF4B-00C04F79EFBC}") = "Tyuiu.FilevaPA.Sprint0.Task2.V0.Test", "TestProjectFilevaPA\Tyuiu.FilevaPA.Sprint0.Task2.V0.Test.csproj", "{23F4803A-38BF-45A1-830B-F33C380D85F8}"
EndProject
Project("{FAE04EC0-301F-11D3-BF4B-00C04F79EFBC}") = "Tyuiu.FilevaPA.Sprint0.Task2.V0.Lib", "ClassLibraryFilevaPA\Tyuiu.FilevaPA.Sprint0.Task2.V0.Lib.csproj", "{8E35CA76-B2CF-430D-A003-E6709C08A59B}"
EndProject
Project("{FAE04EC0-301F-11D3-BF4B-00C04F79EFBC}") = "ConsoleAppFilevaPA", "ConsoleAppFilevaPA\ConsoleAppFilevaPA.csproj", "{69D20419-9BC9-408C-BDC0-A6F849D1C2A2}"
EndProject
Project("{2150E333-8FDC-42A3-9474-1A3956D46DE8}") = "Task0", "Task0", "{02EA681E-C7D8-13C7-8484-4AC65E1B71E8}"
EndProject
Project("{2150E333-8FDC-42A3-9474-1A3956D46DE8}") = "Task1", "Task1", "{B31F3CB6-C47B-4D32-B169-00CE9E8A8BD4}"
EndProject
Project("{FAE04EC0-301F-11D3-BF4B-00C04F79EFBC}") = "Tyuiu.FilevaPA.Sprint0.Task1.V0", "Tyuiu.FilevaPA.Sprint0.Task1.V0\Tyuiu.FilevaPA.Sprint0.Task1.V0.csproj", "{101BC7D7-CF6F-47C7-95F2-69BAD17D106F}"
EndProject
Project("{2150E333-8FDC-42A3-9474-1A3956D46DE8}") = "Task2", "Task2", "{7967E0FE-F010-4E68-A93A-11ACFE4624C7}"
EndProject
Project("{FAE04EC0-301F-11D3-BF4B-00C04F79EFBC}") = "Tyuiu.FilevaPA.Sprint0.Task2.V0", "Tyuiu.FilevaPA.Sprint0.Task2.V0\Tyuiu.FilevaPA.Sprint0.Task2.V0.csproj", "{0B55A437-AB19-4F86-8790-14EDA81950E0}"
EndProject
Project("{2150E333-8FDC-42A3-9474-1A3956D46DE8}") = "Task3", "Task3", "{8F4CEF8E-030A-4DD5-A251-9E485828474D}"
EndProject
Project("{FAE04EC0-301F-11D3-BF4B-00C04F79EFBC}") = "Tyuiu.FilevaPA.Sprint0.Task3.V0", "Tyuiu.FilevaPA.Sprint0.Task3.V0\Tyuiu.FilevaPA.Sprint0.Task3.V0.csproj", "{789CDE6C-92F0-4C79-AFA9-7295C8D4FA65}"
EndProject
Project("{FAE04EC0-301F-11D3-BF4B-00C04F79EFBC}") = "Tyuiu.FilevaPA.Sprint0.Task3.V0.Lib", "Tyuiu.FilevaPA.Sprint0.Task3.V0.Lib\Tyuiu.FilevaPA.Sprint0.Task3.V0.Lib.csproj", "{9502E947-85CC-42D8-99C8-38206F007C70}"
EndProject
Project("{FAE04EC0-301F-11D3-BF4B-00C04F79EFBC}") = "Tyuiu.FilevaPA.Sprint0.Task3.V0.Test", "Tyuiu.FilevaPA.Sprint0.Task3.V0.Test\Tyuiu.FilevaPA.Sprint0.Task3.V0.Test.csproj", "{A516E5F7-0EBE-4B0D-AE10-BB50CFBB74A0}"
EndProject
Project("{2150E333-8FDC-42A3-9474-1A3956D46DE8}") = "Task4", "Task4", "{941BE755-A2B9-4CC8-99F5-1AFC3F757839}"
EndProject
Project("{FAE04EC0-301F-11D3-BF4B-00C04F79EFBC}") = "Tyuiu.FilevaPA.Sprint0.Task4.V0", "Tyuiu.FilevaPA.Sprint0.Task4.V0\Tyuiu.FilevaPA.Sprint0.Task4.V0.csproj", "{A4F44ED1-149D-4453-82AD-5FBCFA13E3E3}"
EndProject
Project("{FAE04EC0-301F-11D3-BF4B-00C04F79EFBC}") = "Tyuiu.FilevaPA.Sprint0.Task4.V0.Lib", "Tyuiu.FilevaPA.Sprint0.Task4.V0.Lib\Tyuiu.FilevaPA.Sprint0.Task4.V0.Lib.csproj", "{23F1496C-D2D6-49C9-AE15-31BD8B0245F9}"
EndProject
Project("{FAE04EC0-301F-11D3-BF4B-00C04F79EFBC}") = "Tyuiu.FilevaPA.Sprint0.Task4.V0.Test", "Tyuiu.FilevaPA.Sprint0.Task4.V0.Test\Tyuiu.FilevaPA.Sprint0.Task4.V0.Test.csproj", "{EF8941FE-41DC-4DEB-B3CB-C46689C7D0B6}"
EndProject
Project("{2150E333-8FDC-42A3-9474-1A3956D46DE8}") = "Task5", "Task5", "{7BB1E914-D712-46C9-A3F0-958BD312E9F3}"
EndProject
Project("{FAE04EC0-301F-11D3-BF4B-00C04F79EFBC}") = "Tyuiu.FilevaPA.Sprint0.Task5.V0", "Tyuiu.FilevaPA.Sprint0.Task5.V0\Tyuiu.FilevaPA.Sprint0.Task5.V0.csproj", "{E6A6F3E2-8C30-45FC-B908-D479E99D93CE}"
EndProject
Project("{FAE04EC0-301F-11D3-BF4B-00C04F79EFBC}") = "Tyuiu.FilevaPA.Sprint0.Task5.V0.Lib", "Tyuiu.FilevaPA.Sprint0.Task5.V0.Lib\Tyuiu.FilevaPA.Sprint0.Task5.V0.Lib.csproj", "{7DA430BB-DCB0-4E1A-A1A0-C45BCAA75D03}"
EndProject
Project("{FAE04EC0-301F-11D3-BF4B-00C04F79EFBC}") = "Tyuiu.FilevaPA.Sprint0.Task5.V0.Test", "Tyuiu.FilevaPA.Sprint0.Task5.V0.Test\Tyuiu.FilevaPA.Sprint0.Task5.V0.Test.csproj", "{9938DDD8-AABA-4FA0-A306-0169451C4934}"
EndProject
Project("{2150E333-8FDC-42A3-9474-1A3956D46DE8}") = "Task6", "Task6", "{7CE7D099-54A0-430D-AD2A-627D4A9F3DDF}"
EndProject
Project("{FAE04EC0-301F-11D3-BF4B-00C04F79EFBC}") = "Tyuiu.FilevaPA.Sprint0.Task6.V0", "Tyuiu.FilevaPA.Sprint0.Task6.V0\Tyuiu.FilevaPA.Sprint0.Task6.V0.csproj", "{EE7CF424-D175-4D76-B567-C6795A1458DD}"
EndProject
Project("{FAE04EC0-301F-11D3-BF4B-00C04F79EFBC}") = "Tyuiu.FilevaPA.Sprint0.Task6.V0.Lib", "Tyuiu.FilevaPA.Sprint0.Task6.V0.Lib\Tyuiu.FilevaPA.Sprint0.Task6.V0.Lib.csproj", "{DD65E0EC-9915-436D-8D8A-6EF3048D812D}"
EndProject
Project("{FAE04EC0-301F-11D3-BF4B-00C04F79EFBC}") = "Tyuiu.FilevaPA.Sprint0.Task6.V0.Test", "Tyuiu.FilevaPA.Sprint0.Task6.V0.Test\Tyuiu.FilevaPA.Sprint0.Task6.V0.Test.csproj", "{11317F1D-71E8-4798-BDBF-01CACFAB1BA4}"
EndProject
Global
	GlobalSection(SolutionConfigurationPlatforms) = preSolution
		Debug|Any CPU = Debug|Any CPU
		Release|Any CPU = Release|Any CPU
	EndGlobalSection
	GlobalSection(ProjectConfigurationPlatforms) = postSolution
		{23F4803A-38BF-45A1-830B-F33C380D85F8}.Debug|Any CPU.ActiveCfg = Debug|Any CPU
		{23F4803A-38BF-45A1-830B-F33C380D85F8}.Debug|Any CPU.Build.0 = Debug|Any CPU
		{23F4803A-38BF-45A1-830B-F33C380D85F8}.Release|Any CPU.ActiveCfg = Release|Any CPU
		{23F4803A-38BF-45A1-830B-F33C380D85F8}.Release|Any CPU.Build.0 = Release|Any CPU
		{8E35CA76-B2CF-430D-A003-E6709C08A59B}.Debug|Any CPU.ActiveCfg = Debug|Any CPU
		{8E35CA76-B2CF-430D-A003-E6709C08A59B}.Debug|Any CPU.Build.0 = Debug|Any CPU
		{8E35CA76-B2CF-430D-A003-E6709C08A59B}.Release|Any CPU.ActiveCfg = Release|Any CPU
		{8E35CA76-B2CF-430D-A003-E6709C08A59B}.Release|Any CPU.Build.0 = Release|Any CPU
		{69D20419-9BC9-408C-BDC0-A6F849D1C2A2}.Debug|Any CPU.ActiveCfg = Debug|Any CPU
		{69D20419-9BC9-408C-BDC0-A6F849D1C2A2}.Debug|Any CPU.Build.0 = Debug|Any CPU
		{69D20419-9BC9-408C-BDC0-A6F849D1C2A2}.Release|Any CPU.ActiveCfg = Release|Any CPU
		{69D20419-9BC9-408C-BDC0-A6F849D1C2A2}.Release|Any CPU.Build.0 = Release|Any CPU
		{101BC7D7-CF6F-47C7-95F2-69BAD17D106F}.Debug|Any CPU.ActiveCfg = Debug|Any CPU
		{101BC7D7-CF6F-47C7-95F2-69BAD17D106F}.Debug|Any CPU.Build.0 = Debug|Any CPU
		{101BC7D7-CF6F-47C7-95F2-69BAD17D106F}.Release|Any CPU.ActiveCfg = Release|Any CPU
		{101BC7D7-CF6F-47C7-95F2-69BAD17D106F}.Release|Any CPU.Build.0 = Release|Any CPU
		{0B55A437-AB19-4F86-8790-14EDA81950E0}.Debug|Any CPU.ActiveCfg = Debug|Any CPU
		{0B55A437-AB19-4F86-8790-14EDA81950E0}.Debug|Any CPU.Build.0 = Debug|Any CPU
		{0B55A437-AB19-4F86-8790-14EDA81950E0}.Release|Any CPU.ActiveCfg = Release|Any CPU
		{0B55A437-AB19-4F86-8790-14EDA81950E0}.Release|Any CPU.Build.0 = Release|Any CPU
		{789CDE6C-92F0-4C79-AFA9-7295C8D4FA65}.Debug|Any CPU.ActiveCfg = Debug|Any CPU
		{789CDE6C-92F0-4C79-AFA9-7295C8D4FA65}.Debug|Any CPU.Build.0 = Debug|Any CPU
		{789CDE6C-92F0-4C79-AFA9-7295C8D4FA65}.Release|Any CPU.ActiveCfg = Release|Any CPU
		{789CDE6C-92F0-4C79-AFA9-7295C8D4FA65}.Release|Any CPU.Build.0 = Release|Any CPU
		{9502E947-85CC-42D8-99C8-38206F007C70}.Debug|Any CPU.ActiveCfg = Debug|Any CPU
		{9502E947-85CC-42D8-99C8-38206F007C70}.Debug|Any CPU.Build.0 = Debug|Any CPU
		{9502E947-85CC-42D8-99C8-38206F007C70}.Release|Any CPU.ActiveCfg = Release|Any CPU
		{9502E947-85CC-42D8-99C8-38206F007C70}.Release|Any CPU.Build.0 = Release|Any CPU
		{A516E5F7-0EBE-4B0D-AE10-BB50CFBB74A0}.Debug|Any CPU.ActiveCfg = Debug|Any CPU
		{A516E5F7-0EBE-4B0D-AE10-BB50CFBB74A0}.Debug|Any CPU.Build.0 = Debug|Any CPU
		{A516E5F7-0EBE-4B0D-AE10-BB50CFBB74A0}.Release|Any CPU.ActiveCfg = Release|Any CPU
		{A516E5F7-0EBE-4B0D-AE10-BB50CFBB74A0}.Release|Any CPU.Build.0 = Release|Any CPU
		{A4F44ED1-149D-4453-82AD-5FBCFA13E3E3}.Debug|Any CPU.ActiveCfg = Debug|Any CPU
		{A4F44ED1-149D-4453-82AD-5FBCFA13E3E3}.Debug|Any CPU.Build.0 = Debug|Any CPU
		{A4F44ED1-149D-4453-82AD-5FBCFA13E3E3}.Release|Any CPU.ActiveCfg = Release|Any CPU
		{A4F44ED1-149D-4453-82AD-5FBCFA13E3E3}.Release|Any CPU.Build.0 = Release|Any CPU
		{23F1496C-D2D6-49C9-AE15-31BD8B0245F9}.Debug|Any CPU.ActiveCfg = Debug|Any CPU
		{23F1496C-D2D6-49C9-AE15-31BD8B0245F9}.Debug|Any CPU.Build.0 = Debug|Any CPU
		{23F1496C-D2D6-49C9-AE15-31BD8B0245F9}.Release|Any CPU.ActiveCfg = Release|Any CPU
		{23F1496C-D2D6-49C9-AE15-31BD8B0245F9}.Release|Any CPU.Build.0 = Release|Any CPU
		{EF8941FE-41DC-4DEB-B3CB-C46689C7D0B6}.Debug|Any CPU.ActiveCfg = Debug|Any CPU
		{EF8941FE-41DC-4DEB-B3CB-C46689C7D0B6}.Debug|Any CPU.Build.0 = Debug|Any CPU
		{EF8941FE-41DC-4DEB-B3CB-C46689C7D0B6}.Release|Any CPU.ActiveCfg = Release|Any CPU
		{EF8941FE-41DC-4DEB-B3CB-C46689C7D0B6}.Release|Any CPU.Build.0 = Release|Any CPU
		{E6A6F3E2-8C30-45FC-B908-D479E99D93CE}.Debug|Any CPU.ActiveCfg = Debug|Any CPU
		{E6A6F3E2-8C30-45FC-B908-D479E99D93CE}.Debug|Any CPU.Build.0 = Debug|Any CPU
		{E6A6F3E2-8C30-45FC-B908-D479E99D93CE}.Release|Any CPU.ActiveCfg = Release|Any CPU
		{E6A6F3E2-8C30-45FC-B908-D479E99D93CE}.Release|Any CPU.Build.0 = Release|Any CPU
		{7DA430BB-DCB0-4E1A-A1A0-C45BCAA75D03}.Debug|Any CPU.ActiveCfg = Debug|Any CPU
		{7DA430BB-DCB0-4E1A-A1A0-C45BCAA75D03}.Debug|Any CPU.Build.0 = Debug|Any CPU
		{7DA430BB-DCB0-4E1A-A1A0-C45BCAA75D03}.Release|Any CPU.ActiveCfg = Release|Any CPU
		{7DA430BB-DCB0-4E1A-A1A0-C45BCAA75D03}.Release|Any CPU.Build.0 = Release|Any CPU
		{9938DDD8-AABA-4FA0-A306-0169451C4934}.Debug|Any CPU.ActiveCfg = Debug|Any CPU
		{9938DDD8-AABA-4FA0-A306-0169451C4934}.Debug|Any CPU.Build.0 = Debug|Any CPU
		{9938DDD8-AABA-4FA0-A306-0169451C4934}.Release|Any CPU.ActiveCfg = Release|Any CPU
		{9938DDD8-AABA-4FA0-A306-0169451C4934}.Release|Any CPU.Build.0 = Release|Any CPU
		{EE7CF424-D175-4D76-B567-C6795A1458DD}.Debug|Any CPU.ActiveCfg = Debug|Any CPU
		{EE7CF424-D175-4D76-B567-C6795A1458DD}.Debug|Any CPU.Build.0 = Debug|Any CPU
		{EE7CF424-D175-4D76-B567-C6795A1458DD}.Release|Any CPU.ActiveCfg = Release|Any CPU
		{EE7CF424-D175-4D76-B567-C6795A1458DD}.Release|Any CPU.Build.0 = Release|Any CPU
		{DD65E0EC-9915-436D-8D8A-6EF3048D812D}.Debug|Any CPU.ActiveCfg = Debug|Any CPU
		{DD65E0EC-9915-436D-8D8A-6EF3048D812D}.Debug|Any CPU.Build.0 = Debug|Any CPU
		{DD65E0EC-9915-436D-8D8A-6EF3048D812D}.Release|Any CPU.ActiveCfg = Release|Any CPU
		{DD65E0EC-9915-436D-8D8A-6EF3048D812D}.Release|Any CPU.Build.0 = Release|Any CPU
		{11317F1D-71E8-4798-BDBF-01CACFAB1BA4}.Debug|Any CPU.ActiveCfg = Debug|Any CPU
		{11317F1D-71E8-4798-BDBF-01CACFAB1BA4}.Debug|Any CPU.Build.0 = Debug|Any CPU
		{11317F1D-71E8-4798-BDBF-01CACFAB1BA4}.Release|Any CPU.ActiveCfg = Release|Any CPU
		{11317F1D-71E8-4798-BDBF-01CACFAB1BA4}.Release|Any CPU.Build.0 = Release|Any CPU
	EndGlobalSection
	GlobalSection(SolutionProperties) = preSolution
		HideSolutionNode = FALSE
	EndGlobalSection
	GlobalSection(NestedProjects) = preSolution
		{23F4803A-38BF-45A1-830B-F33C380D85F8} = {7967E0FE-F010-4E68-A93A-11ACFE4624C7}
		{8E35CA76-B2CF-430D-A003-E6709C08A59B} = {7967E0FE-F010-4E68-A93A-11ACFE4624C7}
		{69D20419-9BC9-408C-BDC0-A6F849D1C2A2} = {02EA681E-C7D8-13C7-8484-4AC65E1B71E8}
		{101BC7D7-CF6F-47C7-95F2-69BAD17D106F} = {B31F3CB6-C47B-4D32-B169-00CE9E8A8BD4}
		{0B55A437-AB19-4F86-8790-14EDA81950E0} = {7967E0FE-F010-4E68-A93A-11ACFE4624C7}
		{789CDE6C-92F0-4C79-AFA9-7295C8D4FA65} = {8F4CEF8E-030A-4DD5-A251-9E485828474D}
		{9502E947-85CC-42D8-99C8-38206F007C70} = {8F4CEF8E-030A-4DD5-A251-9E485828474D}
		{A516E5F7-0EBE-4B0D-AE10-BB50CFBB74A0} = {8F4CEF8E-030A-4DD5-A251-9E485828474D}
		{A4F44ED1-149D-4453-82AD-5FBCFA13E3E3} = {941BE755-A2B9-4CC8-99F5-1AFC3F757839}
		{23F1496C-D2D6-49C9-AE15-31BD8B0245F9} = {941BE755-A2B9-4CC8-99F5-1AFC3F757839}
		{EF8941FE-41DC-4DEB-B3CB-C46689C7D0B6} = {941BE755-A2B9-4CC8-99F5-1AFC3F757839}
		{E6A6F3E2-8C30-45FC-B908-D479E99D93CE} = {7BB1E914-D712-46C9-A3F0-958BD312E9F3}
		{7DA430BB-DCB0-4E1A-A1A0-C45BCAA75D03} = {7BB1E914-D712-46C9-A3F0-958BD312E9F3}
		{9938DDD8-AABA-4FA0-A306-0169451C4934} = {7BB1E914-D712-46C9-A3F0-958BD312E9F3}
		{EE7CF424-D175-4D76-B567-C6795A1458DD} = {7CE7D099-54A0-430D-AD2A-627D4A9F3DDF}
		{DD65E0EC-9915-436D-8D8A-6EF3048D812D} = {7CE7D099-54A0-430D-AD2A-627D4A9F3DDF}
		{11317F1D-71E8-4798-BDBF-01CACFAB1BA4} = {7CE7D099-54A0-430D-AD2A-627D4A9F3DDF}
	EndGlobalSection
	GlobalSection(ExtensibilityGlobals) = postSolution
		SolutionGuid = {BB1722F7-C839-48FD-9442-2EEBB32D9112}
	EndGlobalSection
EndGlobal
